// !$*UTF8*$!
{
	archiveVersion = 1;
	classes = {
	};
	objectVersion = 50;
	objects = {

/* Begin PBXBuildFile section */
		C57958262679EE0700A2C8A7 /* AppDelegate.swift in Sources */ = {isa = PBXBuildFile; fileRef = C57958252679EE0700A2C8A7 /* AppDelegate.swift */; };
		C57958282679EE0700A2C8A7 /* SceneDelegate.swift in Sources */ = {isa = PBXBuildFile; fileRef = C57958272679EE0700A2C8A7 /* SceneDelegate.swift */; };
		C579582A2679EE0700A2C8A7 /* ViewController.swift in Sources */ = {isa = PBXBuildFile; fileRef = C57958292679EE0700A2C8A7 /* ViewController.swift */; };
		C579582D2679EE0700A2C8A7 /* Main.storyboard in Resources */ = {isa = PBXBuildFile; fileRef = C579582B2679EE0700A2C8A7 /* Main.storyboard */; };
		C579582F2679EE0800A2C8A7 /* Assets.xcassets in Resources */ = {isa = PBXBuildFile; fileRef = C579582E2679EE0800A2C8A7 /* Assets.xcassets */; };
		C57958322679EE0800A2C8A7 /* LaunchScreen.storyboard in Resources */ = {isa = PBXBuildFile; fileRef = C57958302679EE0800A2C8A7 /* LaunchScreen.storyboard */; };
		C579583A2679EE1B00A2C8A7 /* NewSegue.swift in Sources */ = {isa = PBXBuildFile; fileRef = C57958392679EE1B00A2C8A7 /* NewSegue.swift */; };
/* End PBXBuildFile section */

/* Begin PBXFileReference section */
		C57958222679EE0700A2C8A7 /* Scene-CustomSegue.app */ = {isa = PBXFileReference; explicitFileType = wrapper.application; includeInIndex = 0; path = "Scene-CustomSegue.app"; sourceTree = BUILT_PRODUCTS_DIR; };
		C57958252679EE0700A2C8A7 /* AppDelegate.swift */ = {isa = PBXFileReference; lastKnownFileType = sourcecode.swift; path = AppDelegate.swift; sourceTree = "<group>"; };
		C57958272679EE0700A2C8A7 /* SceneDelegate.swift */ = {isa = PBXFileReference; lastKnownFileType = sourcecode.swift; path = SceneDelegate.swift; sourceTree = "<group>"; };
		C57958292679EE0700A2C8A7 /* ViewController.swift */ = {isa = PBXFileReference; lastKnownFileType = sourcecode.swift; path = ViewController.swift; sourceTree = "<group>"; };
		C579582C2679EE0700A2C8A7 /* Base */ = {isa = PBXFileReference; lastKnownFileType = file.storyboard; name = Base; path = Base.lproj/Main.storyboard; sourceTree = "<group>"; };
		C579582E2679EE0800A2C8A7 /* Assets.xcassets */ = {isa = PBXFileReference; lastKnownFileType = folder.assetcatalog; path = Assets.xcassets; sourceTree = "<group>"; };
		C57958312679EE0800A2C8A7 /* Base */ = {isa = PBXFileReference; lastKnownFileType = file.storyboard; name = Base; path = Base.lproj/LaunchScreen.storyboard; sourceTree = "<group>"; };
		C57958332679EE0800A2C8A7 /* Info.plist */ = {isa = PBXFileReference; lastKnownFileType = text.plist.xml; path = Info.plist; sourceTree = "<group>"; };
		C57958392679EE1B00A2C8A7 /* NewSegue.swift */ = {isa = PBXFileReference; lastKnownFileType = sourcecode.swift; path = NewSegue.swift; sourceTree = "<group>"; };
/* End PBXFileReference section */

/* Begin PBXFrameworksBuildPhase section */
		C579581F2679EE0700A2C8A7 /* Frameworks */ = {
			isa = PBXFrameworksBuildPhase;
			buildActionMask = 2147483647;
			files = (
			);
			runOnlyForDeploymentPostprocessing = 0;
		};
/* End PBXFrameworksBuildPhase section */

/* Begin PBXGroup section */
		C57958192679EE0700A2C8A7 = {
			isa = PBXGroup;
			children = (
				C57958242679EE0700A2C8A7 /* Scene-CustomSegue */,
				C57958232679EE0700A2C8A7 /* Products */,
			);
			sourceTree = "<group>";
		};
		C57958232679EE0700A2C8A7 /* Products */ = {
			isa = PBXGroup;
			children = (
				C57958222679EE0700A2C8A7 /* Scene-CustomSegue.app */,
			);
			name = Products;
			sourceTree = "<group>";
		};
		C57958242679EE0700A2C8A7 /* Scene-CustomSegue */ = {
			isa = PBXGroup;
			children = (
				C57958252679EE0700A2C8A7 /* AppDelegate.swift */,
				C57958272679EE0700A2C8A7 /* SceneDelegate.swift */,
				C57958292679EE0700A2C8A7 /* ViewController.swift */,
				C579582B2679EE0700A2C8A7 /* Main.storyboard */,
				C579582E2679EE0800A2C8A7 /* Assets.xcassets */,
				C57958302679EE0800A2C8A7 /* LaunchScreen.storyboard */,
				C57958332679EE0800A2C8A7 /* Info.plist */,
				C57958392679EE1B00A2C8A7 /* NewSegue.swift */,
			);
			path = "Scene-CustomSegue";
			sourceTree = "<group>";
		};
/* End PBXGroup section */

/* Begin PBXNativeTarget section */
		C57958212679EE0700A2C8A7 /* Scene-CustomSegue */ = {
			isa = PBXNativeTarget;
			buildConfigurationList = C57958362679EE0800A2C8A7 /* Build configuration list for PBXNativeTarget "Scene-CustomSegue" */;
			buildPhases = (
				C579581E2679EE0700A2C8A7 /* Sources */,
				C579581F2679EE0700A2C8A7 /* Frameworks */,
				C57958202679EE0700A2C8A7 /* Resources */,
			);
			buildRules = (
			);
			dependencies = (
			);
			name = "Scene-CustomSegue";
			productName = "Scene-CustomSegue";
			productReference = C57958222679EE0700A2C8A7 /* Scene-CustomSegue.app */;
			productType = "com.apple.product-type.application";
		};
/* End PBXNativeTarget section */

/* Begin PBXProject section */
		C579581A2679EE0700A2C8A7 /* Project object */ = {
			isa = PBXProject;
			attributes = {
				LastSwiftUpdateCheck = 1250;
				LastUpgradeCheck = 1250;
				TargetAttributes = {
					C57958212679EE0700A2C8A7 = {
						CreatedOnToolsVersion = 12.5;
					};
				};
			};
			buildConfigurationList = C579581D2679EE0700A2C8A7 /* Build configuration list for PBXProject "Scene-CustomSegue" */;
			compatibilityVersion = "Xcode 9.3";
			developmentRegion = en;
			hasScannedForEncodings = 0;
			knownRegions = (
				en,
				Base,
			);
			mainGroup = C57958192679EE0700A2C8A7;
			productRefGroup = C57958232679EE0700A2C8A7 /* Products */;
			projectDirPath = "";
			projectRoot = "";
			targets = (
				C57958212679EE0700A2C8A7 /* Scene-CustomSegue */,
			);
		};
/* End PBXProject section */

/* Begin PBXResourcesBuildPhase section */
		C57958202679EE0700A2C8A7 /* Resources */ = {
			isa = PBXResourcesBuildPhase;
			buildActionMask = 2147483647;
			files = (
				C57958322679EE0800A2C8A7 /* LaunchScreen.storyboard in Resources */,
				C579582F2679EE0800A2C8A7 /* Assets.xcassets in Resources */,
				C579582D2679EE0700A2C8A7 /* Main.storyboard in Resources */,
			);
			runOnlyForDeploymentPostprocessing = 0;
		};
/* End PBXResourcesBuildPhase section */

/* Begin PBXSourcesBuildPhase section */
		C579581E2679EE0700A2C8A7 /* Sources */ = {
			isa = PBXSourcesBuildPhase;
			buildActionMask = 2147483647;
			files = (
				C579583A2679EE1B00A2C8A7 /* NewSegue.swift in Sources */,
				C579582A2679EE0700A2C8A7 /* ViewController.swift in Sources */,
				C57958262679EE0700A2C8A7 /* AppDelegate.swift in Sources */,
				C57958282679EE0700A2C8A7 /* SceneDelegate.swift in Sources */,
			);
			runOnlyForDeploymentPostprocessing = 0;
		};
/* End PBXSourcesBuildPhase section */

/* Begin PBXVariantGroup section */
		C579582B2679EE0700A2C8A7 /* Main.storyboard */ = {
			isa = PBXVariantGroup;
			children = (
				C579582C2679EE0700A2C8A7 /* Base */,
			);
			name = Main.storyboard;
			sourceTree = "<group>";
		};
		C57958302679EE0800A2C8A7 /* LaunchScreen.storyboard */ = {
			isa = PBXVariantGroup;
			children = (
				C57958312679EE0800A2C8A7 /* Base */,
			);
			name = LaunchScreen.storyboard;
			sourceTree = "<group>";
		};
/* End PBXVariantGroup section */

/* Begin XCBuildConfiguration section */
		C57958342679EE0800A2C8A7 /* Debug */ = {
			isa = XCBuildConfiguration;
			buildSettings = {
				ALWAYS_SEARCH_USER_PATHS = NO;
				CLANG_ANALYZER_NONNULL = YES;
				CLANG_ANALYZER_NUMBER_OBJECT_CONVERSION = YES_AGGRESSIVE;
				CLANG_CXX_LANGUAGE_STANDARD = "gnu++14";
				CLANG_CXX_LIBRARY = "libc++";
				CLANG_ENABLE_MODULES = YES;
				CLANG_ENABLE_OBJC_ARC = YES;
				CLANG_ENABLE_OBJC_WEAK = YES;
				CLANG_WARN_BLOCK_CAPTURE_AUTORELEASING = YES;
				CLANG_WARN_BOOL_CONVERSION = YES;
				CLANG_WARN_COMMA = YES;
				CLANG_WARN_CONSTANT_CONVERSION = YES;
				CLANG_WARN_DEPRECATED_OBJC_IMPLEMENTATIONS = YES;
				CLANG_WARN_DIRECT_OBJC_ISA_USAGE = YES_ERROR;
				CLANG_WARN_DOCUMENTATION_COMMENTS = YES;
				CLANG_WARN_EMPTY_BODY = YES;
				CLANG_WARN_ENUM_CONVERSION = YES;
				CLANG_WARN_INFINITE_RECURSION = YES;
				CLANG_WARN_INT_CONVERSION = YES;
				CLANG_WARN_NON_LITERAL_NULL_CONVERSION = YES;
				CLANG_WARN_OBJC_IMPLICIT_RETAIN_SELF = YES;
				CLANG_WARN_OBJC_LITERAL_CONVERSION = YES;
				CLANG_WARN_OBJC_ROOT_CLASS = YES_ERROR;
				CLANG_WARN_QUOTED_INCLUDE_IN_FRAMEWORK_HEADER = YES;
				CLANG_WARN_RANGE_LOOP_ANALYSIS = YES;
				CLANG_WARN_STRICT_PROTOTYPES = YES;
				CLANG_WARN_SUSPICIOUS_MOVE = YES;
				CLANG_WARN_UNGUARDED_AVAILABILITY = YES_AGGRESSIVE;
				CLANG_WARN_UNREACHABLE_CODE = YES;
				CLANG_WARN__DUPLICATE_METHOD_MATCH = YES;
				COPY_PHASE_STRIP = NO;
				DEBUG_INFORMATION_FORMAT = dwarf;
				ENABLE_STRICT_OBJC_MSGSEND = YES;
				ENABLE_TESTABILITY = YES;
				GCC_C_LANGUAGE_STANDARD = gnu11;
				GCC_DYNAMIC_NO_PIC = NO;
				GCC_NO_COMMON_BLOCKS = YES;
				GCC_OPTIMIZATION_LEVEL = 0;
				GCC_PREPROCESSOR_DEFINITIONS = (
					"DEBUG=1",
					"$(inherited)",
				);
				GCC_WARN_64_TO_32_BIT_CONVERSION = YES;
				GCC_WARN_ABOUT_RETURN_TYPE = YES_ERROR;
				GCC_WARN_UNDECLARED_SELECTOR = YES;
				GCC_WARN_UNINITIALIZED_AUTOS = YES_AGGRESSIVE;
				GCC_WARN_UNUSED_FUNCTION = YES;
				GCC_WARN_UNUSED_VARIABLE = YES;
				IPHONEOS_DEPLOYMENT_TARGET = 14.5;
				MTL_ENABLE_DEBUG_INFO = INCLUDE_SOURCE;
				MTL_FAST_MATH = YES;
				ONLY_ACTIVE_ARCH = YES;
				SDKROOT = iphoneos;
				SWIFT_ACTIVE_COMPILATION_CONDITIONS = DEBUG;
				SWIFT_OPTIMIZATION_LEVEL = "-Onone";
			};
			name = Debug;
		};
		C57958352679EE0800A2C8A7 /* Release */ = {
			isa = XCBuildConfiguration;
			buildSettings = {
				ALWAYS_SEARCH_USER_PATHS = NO;
				CLANG_ANALYZER_NONNULL = YES;
				CLANG_ANALYZER_NUMBER_OBJECT_CONVERSION = YES_AGGRESSIVE;
				CLANG_CXX_LANGUAGE_STANDARD = "gnu++14";
				CLANG_CXX_LIBRARY = "libc++";
				CLANG_ENABLE_MODULES = YES;
				CLANG_ENABLE_OBJC_ARC = YES;
				CLANG_ENABLE_OBJC_WEAK = YES;
				CLANG_WARN_BLOCK_CAPTURE_AUTORELEASING = YES;
				CLANG_WARN_BOOL_CONVERSION = YES;
				CLANG_WARN_COMMA = YES;
				CLANG_WARN_CONSTANT_CONVERSION = YES;
				CLANG_WARN_DEPRECATED_OBJC_IMPLEMENTATIONS = YES;
				CLANG_WARN_DIRECT_OBJC_ISA_USAGE = YES_ERROR;
				CLANG_WARN_DOCUMENTATION_COMMENTS = YES;
				CLANG_WARN_EMPTY_BODY = YES;
				CLANG_WARN_ENUM_CONVERSION = YES;
				CLANG_WARN_INFINITE_RECURSION = YES;
				CLANG_WARN_INT_CONVERSION = YES;
				CLANG_WARN_NON_LITERAL_NULL_CONVERSION = YES;
				CLANG_WARN_OBJC_IMPLICIT_RETAIN_SELF = YES;
				CLANG_WARN_OBJC_LITERAL_CONVERSION = YES;
				CLANG_WARN_OBJC_ROOT_CLASS = YES_ERROR;
				CLANG_WARN_QUOTED_INCLUDE_IN_FRAMEWORK_HEADER = YES;
				CLANG_WARN_RANGE_LOOP_ANALYSIS = YES;
				CLANG_WARN_STRICT_PROTOTYPES = YES;
				CLANG_WARN_SUSPICIOUS_MOVE = YES;
				CLANG_WARN_UNGUARDED_AVAILABILITY = YES_AGGRESSIVE;
				CLANG_WARN_UNREACHABLE_CODE = YES;
				CLANG_WARN__DUPLICATE_METHOD_MATCH = YES;
				COPY_PHASE_STRIP = NO;
				DEBUG_INFORMATION_FORMAT = "dwarf-with-dsym";
				ENABLE_NS_ASSERTIONS = NO;
				ENABLE_STRICT_OBJC_MSGSEND = YES;
				GCC_C_LANGUAGE_STANDARD = gnu11;
				GCC_NO_COMMON_BLOCKS = YES;
				GCC_WARN_64_TO_32_BIT_CONVERSION = YES;
				GCC_WARN_ABOUT_RETURN_TYPE = YES_ERROR;
				GCC_WARN_UNDECLARED_SELECTOR = YES;
				GCC_WARN_UNINITIALIZED_AUTOS = YES_AGGRESSIVE;
				GCC_WARN_UNUSED_FUNCTION = YES;
				GCC_WARN_UNUSED_VARIABLE = YES;
				IPHONEOS_DEPLOYMENT_TARGET = 14.5;
				MTL_ENABLE_DEBUG_INFO = NO;
				MTL_FAST_MATH = YES;
				SDKROOT = iphoneos;
				SWIFT_COMPILATION_MODE = wholemodule;
				SWIFT_OPTIMIZATION_LEVEL = "-O";
				VALIDATE_PRODUCT = YES;
			};
			name = Release;
		};
		C57958372679EE0800A2C8A7 /* Debug */ = {
			isa = XCBuildConfiguration;
			buildSettings = {
				ASSETCATALOG_COMPILER_APPICON_NAME = AppIcon;
				ASSETCATALOG_COMPILER_GLOBAL_ACCENT_COLOR_NAME = AccentColor;
				CODE_SIGN_STYLE = Automatic;
				DEVELOPMENT_TEAM = Z2K2VZ8Y87;
				INFOPLIST_FILE = "Scene-CustomSegue/Info.plist";
				LD_RUNPATH_SEARCH_PATHS = (
					"$(inherited)",
					"@executable_path/Frameworks",
				);
				PRODUCT_BUNDLE_IDENTIFIER = "io.github.Gaaraam.Scene-CustomSegue";
				PRODUCT_NAME = "$(TARGET_NAME)";
				SWIFT_VERSION = 5.0;
				TARGETED_DEVICE_FAMILY = "1,2";
			};
			name = Debug;
		};
		C57958382679EE0800A2C8A7 /* Release */ = {
			isa = XCBuildConfiguration;
			buildSettings = {
				ASSETCATALOG_COMPILER_APPICON_NAME = AppIcon;
				ASSETCATALOG_COMPILER_GLOBAL_ACCENT_COLOR_NAME = AccentColor;
				CODE_SIGN_STYLE = Automatic;
				DEVELOPMENT_TEAM = Z2K2VZ8Y87;
				INFOPLIST_FILE = "Scene-CustomSegue/Info.plist";
				LD_RUNPATH_SEARCH_PATHS = (
					"$(inherited)",
					"@executable_path/Frameworks",
				);
				PRODUCT_BUNDLE_IDENTIFIER = "io.github.Gaaraam.Scene-CustomSegue";
				PRODUCT_NAME = "$(TARGET_NAME)";
				SWIFT_VERSION = 5.0;
				TARGETED_DEVICE_FAMILY = "1,2";
			};
			name = Release;
		};
/* End XCBuildConfiguration section */

/* Begin XCConfigurationList section */
		C579581D2679EE0700A2C8A7 /* Build configuration list for PBXProject "Scene-CustomSegue" */ = {
			isa = XCConfigurationList;
			buildConfigurations = (
				C57958342679EE0800A2C8A7 /* Debug */,
				C57958352679EE0800A2C8A7 /* Release */,
			);
			defaultConfigurationIsVisible = 0;
			defaultConfigurationName = Release;
		};
		C57958362679EE0800A2C8A7 /* Build configuration list for PBXNativeTarget "Scene-CustomSegue" */ = {
			isa = XCConfigurationList;
			buildConfigurations = (
				C57958372679EE0800A2C8A7 /* Debug */,
				C57958382679EE0800A2C8A7 /* Release */,
			);
			defaultConfigurationIsVisible = 0;
			defaultConfigurationName = Release;
		};
/* End XCConfigurationList section */
	};
	rootObject = C579581A2679EE0700A2C8A7 /* Project object */;
}
