// !$*UTF8*$!
{
	archiveVersion = 1;
	classes = {
	};
	objectVersion = 50;
	objects = {

/* Begin PBXBuildFile section */
		C57957622679A88F00A2C8A7 /* AppDelegate.swift in Sources */ = {isa = PBXBuildFile; fileRef = C57957612679A88F00A2C8A7 /* AppDelegate.swift */; };
		C57957642679A88F00A2C8A7 /* SceneDelegate.swift in Sources */ = {isa = PBXBuildFile; fileRef = C57957632679A88F00A2C8A7 /* SceneDelegate.swift */; };
		C57957662679A88F00A2C8A7 /* ViewController.swift in Sources */ = {isa = PBXBuildFile; fileRef = C57957652679A88F00A2C8A7 /* ViewController.swift */; };
		C57957692679A88F00A2C8A7 /* Main.storyboard in Resources */ = {isa = PBXBuildFile; fileRef = C57957672679A88F00A2C8A7 /* Main.storyboard */; };
		C579576B2679A89000A2C8A7 /* Assets.xcassets in Resources */ = {isa = PBXBuildFile; fileRef = C579576A2679A89000A2C8A7 /* Assets.xcassets */; };
		C579576E2679A89000A2C8A7 /* LaunchScreen.storyboard in Resources */ = {isa = PBXBuildFile; fileRef = C579576C2679A89000A2C8A7 /* LaunchScreen.storyboard */; };
		C57957762679B94E00A2C8A7 /* SecondViewController.swift in Sources */ = {isa = PBXBuildFile; fileRef = C57957752679B94E00A2C8A7 /* SecondViewController.swift */; };
/* End PBXBuildFile section */

/* Begin PBXFileReference section */
		C579575E2679A88F00A2C8A7 /* Scene-Trans01.app */ = {isa = PBXFileReference; explicitFileType = wrapper.application; includeInIndex = 0; path = "Scene-Trans01.app"; sourceTree = BUILT_PRODUCTS_DIR; };
		C57957612679A88F00A2C8A7 /* AppDelegate.swift */ = {isa = PBXFileReference; lastKnownFileType = sourcecode.swift; path = AppDelegate.swift; sourceTree = "<group>"; };
		C57957632679A88F00A2C8A7 /* SceneDelegate.swift */ = {isa = PBXFileReference; lastKnownFileType = sourcecode.swift; path = SceneDelegate.swift; sourceTree = "<group>"; };
		C57957652679A88F00A2C8A7 /* ViewController.swift */ = {isa = PBXFileReference; lastKnownFileType = sourcecode.swift; path = ViewController.swift; sourceTree = "<group>"; };
		C57957682679A88F00A2C8A7 /* Base */ = {isa = PBXFileReference; lastKnownFileType = file.storyboard; name = Base; path = Base.lproj/Main.storyboard; sourceTree = "<group>"; };
		C579576A2679A89000A2C8A7 /* Assets.xcassets */ = {isa = PBXFileReference; lastKnownFileType = folder.assetcatalog; path = Assets.xcassets; sourceTree = "<group>"; };
		C579576D2679A89000A2C8A7 /* Base */ = {isa = PBXFileReference; lastKnownFileType = file.storyboard; name = Base; path = Base.lproj/LaunchScreen.storyboard; sourceTree = "<group>"; };
		C579576F2679A89000A2C8A7 /* Info.plist */ = {isa = PBXFileReference; lastKnownFileType = text.plist.xml; path = Info.plist; sourceTree = "<group>"; };
		C57957752679B94E00A2C8A7 /* SecondViewController.swift */ = {isa = PBXFileReference; lastKnownFileType = sourcecode.swift; path = SecondViewController.swift; sourceTree = "<group>"; };
/* End PBXFileReference section */

/* Begin PBXFrameworksBuildPhase section */
		C579575B2679A88F00A2C8A7 /* Frameworks */ = {
			isa = PBXFrameworksBuildPhase;
			buildActionMask = 2147483647;
			files = (
			);
			runOnlyForDeploymentPostprocessing = 0;
		};
/* End PBXFrameworksBuildPhase section */

/* Begin PBXGroup section */
		C57957552679A88F00A2C8A7 = {
			isa = PBXGroup;
			children = (
				C57957602679A88F00A2C8A7 /* Scene-Trans01 */,
				C579575F2679A88F00A2C8A7 /* Products */,
			);
			sourceTree = "<group>";
		};
		C579575F2679A88F00A2C8A7 /* Products */ = {
			isa = PBXGroup;
			children = (
				C579575E2679A88F00A2C8A7 /* Scene-Trans01.app */,
			);
			name = Products;
			sourceTree = "<group>";
		};
		C57957602679A88F00A2C8A7 /* Scene-Trans01 */ = {
			isa = PBXGroup;
			children = (
				C57957612679A88F00A2C8A7 /* AppDelegate.swift */,
				C57957632679A88F00A2C8A7 /* SceneDelegate.swift */,
				C57957652679A88F00A2C8A7 /* ViewController.swift */,
				C57957672679A88F00A2C8A7 /* Main.storyboard */,
				C57957752679B94E00A2C8A7 /* SecondViewController.swift */,
				C579576A2679A89000A2C8A7 /* Assets.xcassets */,
				C579576C2679A89000A2C8A7 /* LaunchScreen.storyboard */,
				C579576F2679A89000A2C8A7 /* Info.plist */,
			);
			path = "Scene-Trans01";
			sourceTree = "<group>";
		};
/* End PBXGroup section */

/* Begin PBXNativeTarget section */
		C579575D2679A88F00A2C8A7 /* Scene-Trans01 */ = {
			isa = PBXNativeTarget;
			buildConfigurationList = C57957722679A89000A2C8A7 /* Build configuration list for PBXNativeTarget "Scene-Trans01" */;
			buildPhases = (
				C579575A2679A88F00A2C8A7 /* Sources */,
				C579575B2679A88F00A2C8A7 /* Frameworks */,
				C579575C2679A88F00A2C8A7 /* Resources */,
			);
			buildRules = (
			);
			dependencies = (
			);
			name = "Scene-Trans01";
			productName = "Scene-Trans01";
			productReference = C579575E2679A88F00A2C8A7 /* Scene-Trans01.app */;
			productType = "com.apple.product-type.application";
		};
/* End PBXNativeTarget section */

/* Begin PBXProject section */
		C57957562679A88F00A2C8A7 /* Project object */ = {
			isa = PBXProject;
			attributes = {
				LastSwiftUpdateCheck = 1250;
				LastUpgradeCheck = 1250;
				TargetAttributes = {
					C579575D2679A88F00A2C8A7 = {
						CreatedOnToolsVersion = 12.5;
					};
				};
			};
			buildConfigurationList = C57957592679A88F00A2C8A7 /* Build configuration list for PBXProject "Scene-Trans01" */;
			compatibilityVersion = "Xcode 9.3";
			developmentRegion = en;
			hasScannedForEncodings = 0;
			knownRegions = (
				en,
				Base,
			);
			mainGroup = C57957552679A88F00A2C8A7;
			productRefGroup = C579575F2679A88F00A2C8A7 /* Products */;
			projectDirPath = "";
			projectRoot = "";
			targets = (
				C579575D2679A88F00A2C8A7 /* Scene-Trans01 */,
			);
		};
/* End PBXProject section */

/* Begin PBXResourcesBuildPhase section */
		C579575C2679A88F00A2C8A7 /* Resources */ = {
			isa = PBXResourcesBuildPhase;
			buildActionMask = 2147483647;
			files = (
				C579576E2679A89000A2C8A7 /* LaunchScreen.storyboard in Resources */,
				C579576B2679A89000A2C8A7 /* Assets.xcassets in Resources */,
				C57957692679A88F00A2C8A7 /* Main.storyboard in Resources */,
			);
			runOnlyForDeploymentPostprocessing = 0;
		};
/* End PBXResourcesBuildPhase section */

/* Begin PBXSourcesBuildPhase section */
		C579575A2679A88F00A2C8A7 /* Sources */ = {
			isa = PBXSourcesBuildPhase;
			buildActionMask = 2147483647;
			files = (
				C57957762679B94E00A2C8A7 /* SecondViewController.swift in Sources */,
				C57957662679A88F00A2C8A7 /* ViewController.swift in Sources */,
				C57957622679A88F00A2C8A7 /* AppDelegate.swift in Sources */,
				C57957642679A88F00A2C8A7 /* SceneDelegate.swift in Sources */,
			);
			runOnlyForDeploymentPostprocessing = 0;
		};
/* End PBXSourcesBuildPhase section */

/* Begin PBXVariantGroup section */
		C57957672679A88F00A2C8A7 /* Main.storyboard */ = {
			isa = PBXVariantGroup;
			children = (
				C57957682679A88F00A2C8A7 /* Base */,
			);
			name = Main.storyboard;
			sourceTree = "<group>";
		};
		C579576C2679A89000A2C8A7 /* LaunchScreen.storyboard */ = {
			isa = PBXVariantGroup;
			children = (
				C579576D2679A89000A2C8A7 /* Base */,
			);
			name = LaunchScreen.storyboard;
			sourceTree = "<group>";
		};
/* End PBXVariantGroup section */

/* Begin XCBuildConfiguration section */
		C57957702679A89000A2C8A7 /* Debug */ = {
			isa = XCBuildConfiguration;
			buildSettings = {
				ALWAYS_SEARCH_USER_PATHS = NO;
				CLANG_ANALYZER_NONNULL = YES;
				CLANG_ANALYZER_NUMBER_OBJECT_CONVERSION = YES_AGGRESSIVE;
				CLANG_CXX_LANGUAGE_STANDARD = "gnu++14";
				CLANG_CXX_LIBRARY = "libc++";
				CLANG_ENABLE_MODULES = YES;
				CLANG_ENABLE_OBJC_ARC = YES;
				CLANG_ENABLE_OBJC_WEAK = YES;
				CLANG_WARN_BLOCK_CAPTURE_AUTORELEASING = YES;
				CLANG_WARN_BOOL_CONVERSION = YES;
				CLANG_WARN_COMMA = YES;
				CLANG_WARN_CONSTANT_CONVERSION = YES;
				CLANG_WARN_DEPRECATED_OBJC_IMPLEMENTATIONS = YES;
				CLANG_WARN_DIRECT_OBJC_ISA_USAGE = YES_ERROR;
				CLANG_WARN_DOCUMENTATION_COMMENTS = YES;
				CLANG_WARN_EMPTY_BODY = YES;
				CLANG_WARN_ENUM_CONVERSION = YES;
				CLANG_WARN_INFINITE_RECURSION = YES;
				CLANG_WARN_INT_CONVERSION = YES;
				CLANG_WARN_NON_LITERAL_NULL_CONVERSION = YES;
				CLANG_WARN_OBJC_IMPLICIT_RETAIN_SELF = YES;
				CLANG_WARN_OBJC_LITERAL_CONVERSION = YES;
				CLANG_WARN_OBJC_ROOT_CLASS = YES_ERROR;
				CLANG_WARN_QUOTED_INCLUDE_IN_FRAMEWORK_HEADER = YES;
				CLANG_WARN_RANGE_LOOP_ANALYSIS = YES;
				CLANG_WARN_STRICT_PROTOTYPES = YES;
				CLANG_WARN_SUSPICIOUS_MOVE = YES;
				CLANG_WARN_UNGUARDED_AVAILABILITY = YES_AGGRESSIVE;
				CLANG_WARN_UNREACHABLE_CODE = YES;
				CLANG_WARN__DUPLICATE_METHOD_MATCH = YES;
				COPY_PHASE_STRIP = NO;
				DEBUG_INFORMATION_FORMAT = dwarf;
				ENABLE_STRICT_OBJC_MSGSEND = YES;
				ENABLE_TESTABILITY = YES;
				GCC_C_LANGUAGE_STANDARD = gnu11;
				GCC_DYNAMIC_NO_PIC = NO;
				GCC_NO_COMMON_BLOCKS = YES;
				GCC_OPTIMIZATION_LEVEL = 0;
				GCC_PREPROCESSOR_DEFINITIONS = (
					"DEBUG=1",
					"$(inherited)",
				);
				GCC_WARN_64_TO_32_BIT_CONVERSION = YES;
				GCC_WARN_ABOUT_RETURN_TYPE = YES_ERROR;
				GCC_WARN_UNDECLARED_SELECTOR = YES;
				GCC_WARN_UNINITIALIZED_AUTOS = YES_AGGRESSIVE;
				GCC_WARN_UNUSED_FUNCTION = YES;
				GCC_WARN_UNUSED_VARIABLE = YES;
				IPHONEOS_DEPLOYMENT_TARGET = 14.5;
				MTL_ENABLE_DEBUG_INFO = INCLUDE_SOURCE;
				MTL_FAST_MATH = YES;
				ONLY_ACTIVE_ARCH = YES;
				SDKROOT = iphoneos;
				SWIFT_ACTIVE_COMPILATION_CONDITIONS = DEBUG;
				SWIFT_OPTIMIZATION_LEVEL = "-Onone";
			};
			name = Debug;
		};
		C57957712679A89000A2C8A7 /* Release */ = {
			isa = XCBuildConfiguration;
			buildSettings = {
				ALWAYS_SEARCH_USER_PATHS = NO;
				CLANG_ANALYZER_NONNULL = YES;
				CLANG_ANALYZER_NUMBER_OBJECT_CONVERSION = YES_AGGRESSIVE;
				CLANG_CXX_LANGUAGE_STANDARD = "gnu++14";
				CLANG_CXX_LIBRARY = "libc++";
				CLANG_ENABLE_MODULES = YES;
				CLANG_ENABLE_OBJC_ARC = YES;
				CLANG_ENABLE_OBJC_WEAK = YES;
				CLANG_WARN_BLOCK_CAPTURE_AUTORELEASING = YES;
				CLANG_WARN_BOOL_CONVERSION = YES;
				CLANG_WARN_COMMA = YES;
				CLANG_WARN_CONSTANT_CONVERSION = YES;
				CLANG_WARN_DEPRECATED_OBJC_IMPLEMENTATIONS = YES;
				CLANG_WARN_DIRECT_OBJC_ISA_USAGE = YES_ERROR;
				CLANG_WARN_DOCUMENTATION_COMMENTS = YES;
				CLANG_WARN_EMPTY_BODY = YES;
				CLANG_WARN_ENUM_CONVERSION = YES;
				CLANG_WARN_INFINITE_RECURSION = YES;
				CLANG_WARN_INT_CONVERSION = YES;
				CLANG_WARN_NON_LITERAL_NULL_CONVERSION = YES;
				CLANG_WARN_OBJC_IMPLICIT_RETAIN_SELF = YES;
				CLANG_WARN_OBJC_LITERAL_CONVERSION = YES;
				CLANG_WARN_OBJC_ROOT_CLASS = YES_ERROR;
				CLANG_WARN_QUOTED_INCLUDE_IN_FRAMEWORK_HEADER = YES;
				CLANG_WARN_RANGE_LOOP_ANALYSIS = YES;
				CLANG_WARN_STRICT_PROTOTYPES = YES;
				CLANG_WARN_SUSPICIOUS_MOVE = YES;
				CLANG_WARN_UNGUARDED_AVAILABILITY = YES_AGGRESSIVE;
				CLANG_WARN_UNREACHABLE_CODE = YES;
				CLANG_WARN__DUPLICATE_METHOD_MATCH = YES;
				COPY_PHASE_STRIP = NO;
				DEBUG_INFORMATION_FORMAT = "dwarf-with-dsym";
				ENABLE_NS_ASSERTIONS = NO;
				ENABLE_STRICT_OBJC_MSGSEND = YES;
				GCC_C_LANGUAGE_STANDARD = gnu11;
				GCC_NO_COMMON_BLOCKS = YES;
				GCC_WARN_64_TO_32_BIT_CONVERSION = YES;
				GCC_WARN_ABOUT_RETURN_TYPE = YES_ERROR;
				GCC_WARN_UNDECLARED_SELECTOR = YES;
				GCC_WARN_UNINITIALIZED_AUTOS = YES_AGGRESSIVE;
				GCC_WARN_UNUSED_FUNCTION = YES;
				GCC_WARN_UNUSED_VARIABLE = YES;
				IPHONEOS_DEPLOYMENT_TARGET = 14.5;
				MTL_ENABLE_DEBUG_INFO = NO;
				MTL_FAST_MATH = YES;
				SDKROOT = iphoneos;
				SWIFT_COMPILATION_MODE = wholemodule;
				SWIFT_OPTIMIZATION_LEVEL = "-O";
				VALIDATE_PRODUCT = YES;
			};
			name = Release;
		};
		C57957732679A89000A2C8A7 /* Debug */ = {
			isa = XCBuildConfiguration;
			buildSettings = {
				ASSETCATALOG_COMPILER_APPICON_NAME = AppIcon;
				ASSETCATALOG_COMPILER_GLOBAL_ACCENT_COLOR_NAME = AccentColor;
				CODE_SIGN_STYLE = Automatic;
				DEVELOPMENT_TEAM = Z2K2VZ8Y87;
				INFOPLIST_FILE = "Scene-Trans01/Info.plist";
				LD_RUNPATH_SEARCH_PATHS = (
					"$(inherited)",
					"@executable_path/Frameworks",
				);
				PRODUCT_BUNDLE_IDENTIFIER = "io.github.Gaaraam.Scene-Trans01";
				PRODUCT_NAME = "$(TARGET_NAME)";
				SWIFT_VERSION = 5.0;
				TARGETED_DEVICE_FAMILY = "1,2";
			};
			name = Debug;
		};
		C57957742679A89000A2C8A7 /* Release */ = {
			isa = XCBuildConfiguration;
			buildSettings = {
				ASSETCATALOG_COMPILER_APPICON_NAME = AppIcon;
				ASSETCATALOG_COMPILER_GLOBAL_ACCENT_COLOR_NAME = AccentColor;
				CODE_SIGN_STYLE = Automatic;
				DEVELOPMENT_TEAM = Z2K2VZ8Y87;
				INFOPLIST_FILE = "Scene-Trans01/Info.plist";
				LD_RUNPATH_SEARCH_PATHS = (
					"$(inherited)",
					"@executable_path/Frameworks",
				);
				PRODUCT_BUNDLE_IDENTIFIER = "io.github.Gaaraam.Scene-Trans01";
				PRODUCT_NAME = "$(TARGET_NAME)";
				SWIFT_VERSION = 5.0;
				TARGETED_DEVICE_FAMILY = "1,2";
			};
			name = Release;
		};
/* End XCBuildConfiguration section */

/* Begin XCConfigurationList section */
		C57957592679A88F00A2C8A7 /* Build configuration list for PBXProject "Scene-Trans01" */ = {
			isa = XCConfigurationList;
			buildConfigurations = (
				C57957702679A89000A2C8A7 /* Debug */,
				C57957712679A89000A2C8A7 /* Release */,
			);
			defaultConfigurationIsVisible = 0;
			defaultConfigurationName = Release;
		};
		C57957722679A89000A2C8A7 /* Build configuration list for PBXNativeTarget "Scene-Trans01" */ = {
			isa = XCConfigurationList;
			buildConfigurations = (
				C57957732679A89000A2C8A7 /* Debug */,
				C57957742679A89000A2C8A7 /* Release */,
			);
			defaultConfigurationIsVisible = 0;
			defaultConfigurationName = Release;
		};
/* End XCConfigurationList section */
	};
	rootObject = C57957562679A88F00A2C8A7 /* Project object */;
}
